
Microsoft Visual Studio Solution File, Format Version 12.00
# Visual Studio Version 17
VisualStudioVersion = 17.8.34330.188
MinimumVisualStudioVersion = 10.0.40219.1
Project("{9A19103F-16F7-4668-BE54-9A1E7A4F7556}") = "Clasp", "Clasp\Clasp.csproj", "{99D9C3A4-AFB2-4F97-962A-2CFA9F61FAED}"
EndProject
Project("{9A19103F-16F7-4668-BE54-9A1E7A4F7556}") = "Console", "Console\Console.csproj", "{83CDC746-45C0-49AF-BBCB-51B4B6C23097}"
EndProject
Project("{9A19103F-16F7-4668-BE54-9A1E7A4F7556}") = "Tests", "Tests\Tests.csproj", "{802516F4-4FC0-4B57-B073-4F0CA0E528BD}"
EndProject
Project("{2150E333-8FDC-42A3-9474-1A3956D46DE8}") = "Code", "Code", "{4D438A8B-3688-47D2-9512-46347496618A}"
	ProjectSection(SolutionItems) = preProject
		Code\StdLibrary.scm = Code\StdLibrary.scm
	EndProjectSection
EndProject
Global
	GlobalSection(SolutionConfigurationPlatforms) = preSolution
		Debug|Any CPU = Debug|Any CPU
		Release|Any CPU = Release|Any CPU
	EndGlobalSection
	GlobalSection(ProjectConfigurationPlatforms) = postSolution
		{99D9C3A4-AFB2-4F97-962A-2CFA9F61FAED}.Debug|Any CPU.ActiveCfg = Debug|Any CPU
		{99D9C3A4-AFB2-4F97-962A-2CFA9F61FAED}.Debug|Any CPU.Build.0 = Debug|Any CPU
		{99D9C3A4-AFB2-4F97-962A-2CFA9F61FAED}.Release|Any CPU.ActiveCfg = Release|Any CPU
		{99D9C3A4-AFB2-4F97-962A-2CFA9F61FAED}.Release|Any CPU.Build.0 = Release|Any CPU
		{83CDC746-45C0-49AF-BBCB-51B4B6C23097}.Debug|Any CPU.ActiveCfg = Debug|Any CPU
		{83CDC746-45C0-49AF-BBCB-51B4B6C23097}.Debug|Any CPU.Build.0 = Debug|Any CPU
		{83CDC746-45C0-49AF-BBCB-51B4B6C23097}.Release|Any CPU.ActiveCfg = Release|Any CPU
		{83CDC746-45C0-49AF-BBCB-51B4B6C23097}.Release|Any CPU.Build.0 = Release|Any CPU
		{802516F4-4FC0-4B57-B073-4F0CA0E528BD}.Debug|Any CPU.ActiveCfg = Debug|Any CPU
		{802516F4-4FC0-4B57-B073-4F0CA0E528BD}.Debug|Any CPU.Build.0 = Debug|Any CPU
		{802516F4-4FC0-4B57-B073-4F0CA0E528BD}.Release|Any CPU.ActiveCfg = Release|Any CPU
		{802516F4-4FC0-4B57-B073-4F0CA0E528BD}.Release|Any CPU.Build.0 = Release|Any CPU
	EndGlobalSection
	GlobalSection(SolutionProperties) = preSolution
		HideSolutionNode = FALSE
	EndGlobalSection
	GlobalSection(ExtensibilityGlobals) = postSolution
		SolutionGuid = {4080FC6E-B304-4EE6-BB0A-21BA2B26B708}
	EndGlobalSection
EndGlobal
